// !$*UTF8*$!
{
	archiveVersion = 1;
	classes = {
	};
	objectVersion = 56;
	objects = {

/* Begin PBXBuildFile section */
		F92615532C47E38B0056FD7B /* App778App.swift in Sources */ = {isa = PBXBuildFile; fileRef = F92615522C47E38B0056FD7B /* App778App.swift */; };
		F92615552C47E38B0056FD7B /* ContentView.swift in Sources */ = {isa = PBXBuildFile; fileRef = F92615542C47E38B0056FD7B /* ContentView.swift */; };
		F92615572C47E38C0056FD7B /* Assets.xcassets in Resources */ = {isa = PBXBuildFile; fileRef = F92615562C47E38C0056FD7B /* Assets.xcassets */; };
		F926155A2C47E38C0056FD7B /* Preview Assets.xcassets in Resources */ = {isa = PBXBuildFile; fileRef = F92615592C47E38C0056FD7B /* Preview Assets.xcassets */; };
		F92615612C47E4240056FD7B /* Launch Screen.storyboard in Resources */ = {isa = PBXBuildFile; fileRef = F92615602C47E4240056FD7B /* Launch Screen.storyboard */; };
		F92615642C47E5210056FD7B /* LoadingView.swift in Sources */ = {isa = PBXBuildFile; fileRef = F92615632C47E5210056FD7B /* LoadingView.swift */; };
		F92615682C47E5650056FD7B /* Reviewers_1.swift in Sources */ = {isa = PBXBuildFile; fileRef = F92615672C47E5650056FD7B /* Reviewers_1.swift */; };
		F926156A2C47E5680056FD7B /* Reviewers_2.swift in Sources */ = {isa = PBXBuildFile; fileRef = F92615692C47E5680056FD7B /* Reviewers_2.swift */; };
		F926156D2C47E56F0056FD7B /* Users_1.swift in Sources */ = {isa = PBXBuildFile; fileRef = F926156C2C47E56F0056FD7B /* Users_1.swift */; };
		F926156F2C47E5730056FD7B /* Users_2.swift in Sources */ = {isa = PBXBuildFile; fileRef = F926156E2C47E5730056FD7B /* Users_2.swift */; };
		F92615712C47E5770056FD7B /* Users_3.swift in Sources */ = {isa = PBXBuildFile; fileRef = F92615702C47E5770056FD7B /* Users_3.swift */; };
		F92615742C47E7860056FD7B /* d.swift in Sources */ = {isa = PBXBuildFile; fileRef = F92615732C47E7860056FD7B /* d.swift */; };
		F92615762C47E7880056FD7B /* w.swift in Sources */ = {isa = PBXBuildFile; fileRef = F92615752C47E7880056FD7B /* w.swift */; };
		F92615782C47E78C0056FD7B /* s.swift in Sources */ = {isa = PBXBuildFile; fileRef = F92615772C47E78C0056FD7B /* s.swift */; };
/* End PBXBuildFile section */

/* Begin PBXFileReference section */
		F926154F2C47E38B0056FD7B /* App778.app */ = {isa = PBXFileReference; explicitFileType = wrapper.application; includeInIndex = 0; path = App778.app; sourceTree = BUILT_PRODUCTS_DIR; };
		F92615522C47E38B0056FD7B /* App778App.swift */ = {isa = PBXFileReference; lastKnownFileType = sourcecode.swift; path = App778App.swift; sourceTree = "<group>"; };
		F92615542C47E38B0056FD7B /* ContentView.swift */ = {isa = PBXFileReference; lastKnownFileType = sourcecode.swift; path = ContentView.swift; sourceTree = "<group>"; };
		F92615562C47E38C0056FD7B /* Assets.xcassets */ = {isa = PBXFileReference; lastKnownFileType = folder.assetcatalog; path = Assets.xcassets; sourceTree = "<group>"; };
		F92615592C47E38C0056FD7B /* Preview Assets.xcassets */ = {isa = PBXFileReference; lastKnownFileType = folder.assetcatalog; path = "Preview Assets.xcassets"; sourceTree = "<group>"; };
		F92615602C47E4240056FD7B /* Launch Screen.storyboard */ = {isa = PBXFileReference; lastKnownFileType = file.storyboard; path = "Launch Screen.storyboard"; sourceTree = "<group>"; };
		F92615632C47E5210056FD7B /* LoadingView.swift */ = {isa = PBXFileReference; lastKnownFileType = sourcecode.swift; path = LoadingView.swift; sourceTree = "<group>"; };
		F92615672C47E5650056FD7B /* Reviewers_1.swift */ = {isa = PBXFileReference; lastKnownFileType = sourcecode.swift; path = Reviewers_1.swift; sourceTree = "<group>"; };
		F92615692C47E5680056FD7B /* Reviewers_2.swift */ = {isa = PBXFileReference; lastKnownFileType = sourcecode.swift; path = Reviewers_2.swift; sourceTree = "<group>"; };
		F926156C2C47E56F0056FD7B /* Users_1.swift */ = {isa = PBXFileReference; lastKnownFileType = sourcecode.swift; path = Users_1.swift; sourceTree = "<group>"; };
		F926156E2C47E5730056FD7B /* Users_2.swift */ = {isa = PBXFileReference; lastKnownFileType = sourcecode.swift; path = Users_2.swift; sourceTree = "<group>"; };
		F92615702C47E5770056FD7B /* Users_3.swift */ = {isa = PBXFileReference; lastKnownFileType = sourcecode.swift; path = Users_3.swift; sourceTree = "<group>"; };
		F92615732C47E7860056FD7B /* d.swift */ = {isa = PBXFileReference; lastKnownFileType = sourcecode.swift; path = d.swift; sourceTree = "<group>"; };
		F92615752C47E7880056FD7B /* w.swift */ = {isa = PBXFileReference; lastKnownFileType = sourcecode.swift; path = w.swift; sourceTree = "<group>"; };
		F92615772C47E78C0056FD7B /* s.swift */ = {isa = PBXFileReference; lastKnownFileType = sourcecode.swift; path = s.swift; sourceTree = "<group>"; };
/* End PBXFileReference section */

/* Begin PBXFrameworksBuildPhase section */
		F926154C2C47E38B0056FD7B /* Frameworks */ = {
			isa = PBXFrameworksBuildPhase;
			buildActionMask = 2147483647;
			files = (
			);
			runOnlyForDeploymentPostprocessing = 0;
		};
/* End PBXFrameworksBuildPhase section */

/* Begin PBXGroup section */
		F92615462C47E38B0056FD7B = {
			isa = PBXGroup;
			children = (
				F92615512C47E38B0056FD7B /* App778 */,
				F92615502C47E38B0056FD7B /* Products */,
			);
			sourceTree = "<group>";
		};
		F92615502C47E38B0056FD7B /* Products */ = {
			isa = PBXGroup;
			children = (
				F926154F2C47E38B0056FD7B /* App778.app */,
			);
			name = Products;
			sourceTree = "<group>";
		};
		F92615512C47E38B0056FD7B /* App778 */ = {
			isa = PBXGroup;
			children = (
				F92615522C47E38B0056FD7B /* App778App.swift */,
				F92615542C47E38B0056FD7B /* ContentView.swift */,
				F92615622C47E51C0056FD7B /* Project */,
				F92615602C47E4240056FD7B /* Launch Screen.storyboard */,
				F92615562C47E38C0056FD7B /* Assets.xcassets */,
				F92615582C47E38C0056FD7B /* Preview Content */,
			);
			path = App778;
			sourceTree = "<group>";
		};
		F92615582C47E38C0056FD7B /* Preview Content */ = {
			isa = PBXGroup;
			children = (
				F92615592C47E38C0056FD7B /* Preview Assets.xcassets */,
			);
			path = "Preview Content";
			sourceTree = "<group>";
		};
		F92615622C47E51C0056FD7B /* Project */ = {
			isa = PBXGroup;
			children = (
				F92615722C47E7810056FD7B /* Extenses */,
				F92615632C47E5210056FD7B /* LoadingView.swift */,
				F92615652C47E55E0056FD7B /* Splash */,
			);
			path = Project;
			sourceTree = "<group>";
		};
		F92615652C47E55E0056FD7B /* Splash */ = {
			isa = PBXGroup;
			children = (
				F926156B2C47E56B0056FD7B /* Users */,
				F92615662C47E5600056FD7B /* Reviewers */,
			);
			path = Splash;
			sourceTree = "<group>";
		};
		F92615662C47E5600056FD7B /* Reviewers */ = {
			isa = PBXGroup;
			children = (
				F92615672C47E5650056FD7B /* Reviewers_1.swift */,
				F92615692C47E5680056FD7B /* Reviewers_2.swift */,
			);
			path = Reviewers;
			sourceTree = "<group>";
		};
		F926156B2C47E56B0056FD7B /* Users */ = {
			isa = PBXGroup;
			children = (
				F926156C2C47E56F0056FD7B /* Users_1.swift */,
				F926156E2C47E5730056FD7B /* Users_2.swift */,
				F92615702C47E5770056FD7B /* Users_3.swift */,
			);
			path = Users;
			sourceTree = "<group>";
		};
		F92615722C47E7810056FD7B /* Extenses */ = {
			isa = PBXGroup;
			children = (
				F92615732C47E7860056FD7B /* d.swift */,
				F92615752C47E7880056FD7B /* w.swift */,
				F92615772C47E78C0056FD7B /* s.swift */,
			);
			path = Extenses;
			sourceTree = "<group>";
		};
/* End PBXGroup section */

/* Begin PBXNativeTarget section */
		F926154E2C47E38B0056FD7B /* App778 */ = {
			isa = PBXNativeTarget;
			buildConfigurationList = F926155D2C47E38C0056FD7B /* Build configuration list for PBXNativeTarget "App778" */;
			buildPhases = (
				F926154B2C47E38B0056FD7B /* Sources */,
				F926154C2C47E38B0056FD7B /* Frameworks */,
				F926154D2C47E38B0056FD7B /* Resources */,
			);
			buildRules = (
			);
			dependencies = (
			);
			name = App778;
			productName = App778;
			productReference = F926154F2C47E38B0056FD7B /* App778.app */;
			productType = "com.apple.product-type.application";
		};
/* End PBXNativeTarget section */

/* Begin PBXProject section */
		F92615472C47E38B0056FD7B /* Project object */ = {
			isa = PBXProject;
			attributes = {
				BuildIndependentTargetsInParallel = 1;
				LastSwiftUpdateCheck = 1530;
				LastUpgradeCheck = 1530;
				TargetAttributes = {
					F926154E2C47E38B0056FD7B = {
						CreatedOnToolsVersion = 15.3;
					};
				};
			};
			buildConfigurationList = F926154A2C47E38B0056FD7B /* Build configuration list for PBXProject "App778" */;
			compatibilityVersion = "Xcode 14.0";
			developmentRegion = en;
			hasScannedForEncodings = 0;
			knownRegions = (
				en,
				Base,
			);
			mainGroup = F92615462C47E38B0056FD7B;
			productRefGroup = F92615502C47E38B0056FD7B /* Products */;
			projectDirPath = "";
			projectRoot = "";
			targets = (
				F926154E2C47E38B0056FD7B /* App778 */,
			);
		};
/* End PBXProject section */

/* Begin PBXResourcesBuildPhase section */
		F926154D2C47E38B0056FD7B /* Resources */ = {
			isa = PBXResourcesBuildPhase;
			buildActionMask = 2147483647;
			files = (
				F92615612C47E4240056FD7B /* Launch Screen.storyboard in Resources */,
				F926155A2C47E38C0056FD7B /* Preview Assets.xcassets in Resources */,
				F92615572C47E38C0056FD7B /* Assets.xcassets in Resources */,
			);
			runOnlyForDeploymentPostprocessing = 0;
		};
/* End PBXResourcesBuildPhase section */

/* Begin PBXSourcesBuildPhase section */
		F926154B2C47E38B0056FD7B /* Sources */ = {
			isa = PBXSourcesBuildPhase;
			buildActionMask = 2147483647;
			files = (
				F926156F2C47E5730056FD7B /* Users_2.swift in Sources */,
				F926156D2C47E56F0056FD7B /* Users_1.swift in Sources */,
				F92615682C47E5650056FD7B /* Reviewers_1.swift in Sources */,
				F92615742C47E7860056FD7B /* d.swift in Sources */,
				F926156A2C47E5680056FD7B /* Reviewers_2.swift in Sources */,
				F92615762C47E7880056FD7B /* w.swift in Sources */,
				F92615712C47E5770056FD7B /* Users_3.swift in Sources */,
				F92615552C47E38B0056FD7B /* ContentView.swift in Sources */,
				F92615532C47E38B0056FD7B /* App778App.swift in Sources */,
				F92615642C47E5210056FD7B /* LoadingView.swift in Sources */,
				F92615782C47E78C0056FD7B /* s.swift in Sources */,
			);
			runOnlyForDeploymentPostprocessing = 0;
		};
/* End PBXSourcesBuildPhase section */

/* Begin XCBuildConfiguration section */
		F926155B2C47E38C0056FD7B /* Debug */ = {
			isa = XCBuildConfiguration;
			buildSettings = {
				ALWAYS_SEARCH_USER_PATHS = NO;
				ASSETCATALOG_COMPILER_GENERATE_SWIFT_ASSET_SYMBOL_EXTENSIONS = YES;
				CLANG_ANALYZER_NONNULL = YES;
				CLANG_ANALYZER_NUMBER_OBJECT_CONVERSION = YES_AGGRESSIVE;
				CLANG_CXX_LANGUAGE_STANDARD = "gnu++20";
				CLANG_ENABLE_MODULES = YES;
				CLANG_ENABLE_OBJC_ARC = YES;
				CLANG_ENABLE_OBJC_WEAK = YES;
				CLANG_WARN_BLOCK_CAPTURE_AUTORELEASING = YES;
				CLANG_WARN_BOOL_CONVERSION = YES;
				CLANG_WARN_COMMA = YES;
				CLANG_WARN_CONSTANT_CONVERSION = YES;
				CLANG_WARN_DEPRECATED_OBJC_IMPLEMENTATIONS = YES;
				CLANG_WARN_DIRECT_OBJC_ISA_USAGE = YES_ERROR;
				CLANG_WARN_DOCUMENTATION_COMMENTS = YES;
				CLANG_WARN_EMPTY_BODY = YES;
				CLANG_WARN_ENUM_CONVERSION = YES;
				CLANG_WARN_INFINITE_RECURSION = YES;
				CLANG_WARN_INT_CONVERSION = YES;
				CLANG_WARN_NON_LITERAL_NULL_CONVERSION = YES;
				CLANG_WARN_OBJC_IMPLICIT_RETAIN_SELF = YES;
				CLANG_WARN_OBJC_LITERAL_CONVERSION = YES;
				CLANG_WARN_OBJC_ROOT_CLASS = YES_ERROR;
				CLANG_WARN_QUOTED_INCLUDE_IN_FRAMEWORK_HEADER = YES;
				CLANG_WARN_RANGE_LOOP_ANALYSIS = YES;
				CLANG_WARN_STRICT_PROTOTYPES = YES;
				CLANG_WARN_SUSPICIOUS_MOVE = YES;
				CLANG_WARN_UNGUARDED_AVAILABILITY = YES_AGGRESSIVE;
				CLANG_WARN_UNREACHABLE_CODE = YES;
				CLANG_WARN__DUPLICATE_METHOD_MATCH = YES;
				COPY_PHASE_STRIP = NO;
				DEBUG_INFORMATION_FORMAT = dwarf;
				ENABLE_STRICT_OBJC_MSGSEND = YES;
				ENABLE_TESTABILITY = YES;
				ENABLE_USER_SCRIPT_SANDBOXING = YES;
				GCC_C_LANGUAGE_STANDARD = gnu17;
				GCC_DYNAMIC_NO_PIC = NO;
				GCC_NO_COMMON_BLOCKS = YES;
				GCC_OPTIMIZATION_LEVEL = 0;
				GCC_PREPROCESSOR_DEFINITIONS = (
					"DEBUG=1",
					"$(inherited)",
				);
				GCC_WARN_64_TO_32_BIT_CONVERSION = YES;
				GCC_WARN_ABOUT_RETURN_TYPE = YES_ERROR;
				GCC_WARN_UNDECLARED_SELECTOR = YES;
				GCC_WARN_UNINITIALIZED_AUTOS = YES_AGGRESSIVE;
				GCC_WARN_UNUSED_FUNCTION = YES;
				GCC_WARN_UNUSED_VARIABLE = YES;
				IPHONEOS_DEPLOYMENT_TARGET = 14.0;
				LOCALIZATION_PREFERS_STRING_CATALOGS = YES;
				MTL_ENABLE_DEBUG_INFO = INCLUDE_SOURCE;
				MTL_FAST_MATH = YES;
				ONLY_ACTIVE_ARCH = YES;
				SDKROOT = iphoneos;
				SWIFT_ACTIVE_COMPILATION_CONDITIONS = "DEBUG $(inherited)";
				SWIFT_OPTIMIZATION_LEVEL = "-Onone";
			};
			name = Debug;
		};
		F926155C2C47E38C0056FD7B /* Release */ = {
			isa = XCBuildConfiguration;
			buildSettings = {
				ALWAYS_SEARCH_USER_PATHS = NO;
				ASSETCATALOG_COMPILER_GENERATE_SWIFT_ASSET_SYMBOL_EXTENSIONS = YES;
				CLANG_ANALYZER_NONNULL = YES;
				CLANG_ANALYZER_NUMBER_OBJECT_CONVERSION = YES_AGGRESSIVE;
				CLANG_CXX_LANGUAGE_STANDARD = "gnu++20";
				CLANG_ENABLE_MODULES = YES;
				CLANG_ENABLE_OBJC_ARC = YES;
				CLANG_ENABLE_OBJC_WEAK = YES;
				CLANG_WARN_BLOCK_CAPTURE_AUTORELEASING = YES;
				CLANG_WARN_BOOL_CONVERSION = YES;
				CLANG_WARN_COMMA = YES;
				CLANG_WARN_CONSTANT_CONVERSION = YES;
				CLANG_WARN_DEPRECATED_OBJC_IMPLEMENTATIONS = YES;
				CLANG_WARN_DIRECT_OBJC_ISA_USAGE = YES_ERROR;
				CLANG_WARN_DOCUMENTATION_COMMENTS = YES;
				CLANG_WARN_EMPTY_BODY = YES;
				CLANG_WARN_ENUM_CONVERSION = YES;
				CLANG_WARN_INFINITE_RECURSION = YES;
				CLANG_WARN_INT_CONVERSION = YES;
				CLANG_WARN_NON_LITERAL_NULL_CONVERSION = YES;
				CLANG_WARN_OBJC_IMPLICIT_RETAIN_SELF = YES;
				CLANG_WARN_OBJC_LITERAL_CONVERSION = YES;
				CLANG_WARN_OBJC_ROOT_CLASS = YES_ERROR;
				CLANG_WARN_QUOTED_INCLUDE_IN_FRAMEWORK_HEADER = YES;
				CLANG_WARN_RANGE_LOOP_ANALYSIS = YES;
				CLANG_WARN_STRICT_PROTOTYPES = YES;
				CLANG_WARN_SUSPICIOUS_MOVE = YES;
				CLANG_WARN_UNGUARDED_AVAILABILITY = YES_AGGRESSIVE;
				CLANG_WARN_UNREACHABLE_CODE = YES;
				CLANG_WARN__DUPLICATE_METHOD_MATCH = YES;
				COPY_PHASE_STRIP = NO;
				DEBUG_INFORMATION_FORMAT = "dwarf-with-dsym";
				ENABLE_NS_ASSERTIONS = NO;
				ENABLE_STRICT_OBJC_MSGSEND = YES;
				ENABLE_USER_SCRIPT_SANDBOXING = YES;
				GCC_C_LANGUAGE_STANDARD = gnu17;
				GCC_NO_COMMON_BLOCKS = YES;
				GCC_WARN_64_TO_32_BIT_CONVERSION = YES;
				GCC_WARN_ABOUT_RETURN_TYPE = YES_ERROR;
				GCC_WARN_UNDECLARED_SELECTOR = YES;
				GCC_WARN_UNINITIALIZED_AUTOS = YES_AGGRESSIVE;
				GCC_WARN_UNUSED_FUNCTION = YES;
				GCC_WARN_UNUSED_VARIABLE = YES;
				IPHONEOS_DEPLOYMENT_TARGET = 14.0;
				LOCALIZATION_PREFERS_STRING_CATALOGS = YES;
				MTL_ENABLE_DEBUG_INFO = NO;
				MTL_FAST_MATH = YES;
				SDKROOT = iphoneos;
				SWIFT_COMPILATION_MODE = wholemodule;
				VALIDATE_PRODUCT = YES;
			};
			name = Release;
		};
		F926155E2C47E38C0056FD7B /* Debug */ = {
			isa = XCBuildConfiguration;
			buildSettings = {
				ASSETCATALOG_COMPILER_APPICON_NAME = AppIcon;
				ASSETCATALOG_COMPILER_GLOBAL_ACCENT_COLOR_NAME = AccentColor;
				CODE_SIGN_STYLE = Automatic;
				CURRENT_PROJECT_VERSION = 1;
				DEVELOPMENT_ASSET_PATHS = "\"App778/Preview Content\"";
				ENABLE_PREVIEWS = YES;
				GENERATE_INFOPLIST_FILE = YES;
				INFOPLIST_KEY_CFBundleDisplayName = "Adventure suar";
				INFOPLIST_KEY_UIApplicationSceneManifest_Generation = YES;
				INFOPLIST_KEY_UIApplicationSupportsIndirectInputEvents = YES;
				INFOPLIST_KEY_UILaunchScreen_Generation = YES;
				INFOPLIST_KEY_UILaunchStoryboardName = "Launch Screen.storyboard";
				INFOPLIST_KEY_UISupportedInterfaceOrientations = UIInterfaceOrientationPortrait;
				INFOPLIST_KEY_UISupportedInterfaceOrientations_iPad = "UIInterfaceOrientationLandscapeLeft UIInterfaceOrientationLandscapeRight UIInterfaceOrientationPortrait UIInterfaceOrientationPortraitUpsideDown";
				LD_RUNPATH_SEARCH_PATHS = (
					"$(inherited)",
					"@executable_path/Frameworks",
				);
				MARKETING_VERSION = 1.0;
				PRODUCT_BUNDLE_IDENTIFIER = main.App778;
				PRODUCT_NAME = "$(TARGET_NAME)";
				SUPPORTED_PLATFORMS = "iphoneos iphonesimulator";
				SUPPORTS_MACCATALYST = NO;
				SUPPORTS_MAC_DESIGNED_FOR_IPHONE_IPAD = NO;
				SUPPORTS_XR_DESIGNED_FOR_IPHONE_IPAD = NO;
				SWIFT_EMIT_LOC_STRINGS = YES;
				SWIFT_VERSION = 5.0;
				TARGETED_DEVICE_FAMILY = 1;
			};
			name = Debug;
		};
		F926155F2C47E38C0056FD7B /* Release */ = {
			isa = XCBuildConfiguration;
			buildSettings = {
				ASSETCATALOG_COMPILER_APPICON_NAME = AppIcon;
				ASSETCATALOG_COMPILER_GLOBAL_ACCENT_COLOR_NAME = AccentColor;
				CODE_SIGN_STYLE = Automatic;
				CURRENT_PROJECT_VERSION = 1;
				DEVELOPMENT_ASSET_PATHS = "\"App778/Preview Content\"";
				ENABLE_PREVIEWS = YES;
				GENERATE_INFOPLIST_FILE = YES;
				INFOPLIST_KEY_CFBundleDisplayName = "Adventure suar";
				INFOPLIST_KEY_UIApplicationSceneManifest_Generation = YES;
				INFOPLIST_KEY_UIApplicationSupportsIndirectInputEvents = YES;
				INFOPLIST_KEY_UILaunchScreen_Generation = YES;
				INFOPLIST_KEY_UILaunchStoryboardName = "Launch Screen.storyboard";
				INFOPLIST_KEY_UISupportedInterfaceOrientations = UIInterfaceOrientationPortrait;
				INFOPLIST_KEY_UISupportedInterfaceOrientations_iPad = "UIInterfaceOrientationLandscapeLeft UIInterfaceOrientationLandscapeRight UIInterfaceOrientationPortrait UIInterfaceOrientationPortraitUpsideDown";
				LD_RUNPATH_SEARCH_PATHS = (
					"$(inherited)",
					"@executable_path/Frameworks",
				);
				MARKETING_VERSION = 1.0;
				PRODUCT_BUNDLE_IDENTIFIER = main.App778;
				PRODUCT_NAME = "$(TARGET_NAME)";
				SUPPORTED_PLATFORMS = "iphoneos iphonesimulator";
				SUPPORTS_MACCATALYST = NO;
				SUPPORTS_MAC_DESIGNED_FOR_IPHONE_IPAD = NO;
				SUPPORTS_XR_DESIGNED_FOR_IPHONE_IPAD = NO;
				SWIFT_EMIT_LOC_STRINGS = YES;
				SWIFT_VERSION = 5.0;
				TARGETED_DEVICE_FAMILY = 1;
			};
			name = Release;
		};
/* End XCBuildConfiguration section */

/* Begin XCConfigurationList section */
		F926154A2C47E38B0056FD7B /* Build configuration list for PBXProject "App778" */ = {
			isa = XCConfigurationList;
			buildConfigurations = (
				F926155B2C47E38C0056FD7B /* Debug */,
				F926155C2C47E38C0056FD7B /* Release */,
			);
			defaultConfigurationIsVisible = 0;
			defaultConfigurationName = Release;
		};
		F926155D2C47E38C0056FD7B /* Build configuration list for PBXNativeTarget "App778" */ = {
			isa = XCConfigurationList;
			buildConfigurations = (
				F926155E2C47E38C0056FD7B /* Debug */,
				F926155F2C47E38C0056FD7B /* Release */,
			);
			defaultConfigurationIsVisible = 0;
			defaultConfigurationName = Release;
		};
/* End XCConfigurationList section */
	};
	rootObject = F92615472C47E38B0056FD7B /* Project object */;
}
